
Microsoft Visual Studio Solution File, Format Version 12.00
# Visual Studio Version 16
VisualStudioVersion = 16.0.31424.327
MinimumVisualStudioVersion = 10.0.40219.1
Project("{9A19103F-16F7-4668-BE54-9A1E7A4F7556}") = "Api", "src\Api.csproj", "{55A48240-5B1E-410F-A651-44EC73134522}"
EndProject
Project("{9A19103F-16F7-4668-BE54-9A1E7A4F7556}") = "Api.Test", "test\Api.Test.csproj", "{FDD5A76B-A7AE-472D-AA68-323BB74A48D1}"
EndProject
Global
	GlobalSection(SolutionConfigurationPlatforms) = preSolution
		Debug|Any CPU = Debug|Any CPU
		Release|Any CPU = Release|Any CPU
	EndGlobalSection
	GlobalSection(ProjectConfigurationPlatforms) = postSolution
		{55A48240-5B1E-410F-A651-44EC73134522}.Debug|Any CPU.ActiveCfg = Debug|Any CPU
		{55A48240-5B1E-410F-A651-44EC73134522}.Debug|Any CPU.Build.0 = Debug|Any CPU
		{55A48240-5B1E-410F-A651-44EC73134522}.Release|Any CPU.ActiveCfg = Release|Any CPU
		{55A48240-5B1E-410F-A651-44EC73134522}.Release|Any CPU.Build.0 = Release|Any CPU
		{FDD5A76B-A7AE-472D-AA68-323BB74A48D1}.Debug|Any CPU.ActiveCfg = Debug|Any CPU
		{FDD5A76B-A7AE-472D-AA68-323BB74A48D1}.Debug|Any CPU.Build.0 = Debug|Any CPU
		{FDD5A76B-A7AE-472D-AA68-323BB74A48D1}.Release|Any CPU.ActiveCfg = Release|Any CPU
		{FDD5A76B-A7AE-472D-AA68-323BB74A48D1}.Release|Any CPU.Build.0 = Release|Any CPU
	EndGlobalSection
	GlobalSection(SolutionProperties) = preSolution
		HideSolutionNode = FALSE
	EndGlobalSection
	GlobalSection(ExtensibilityGlobals) = postSolution
		SolutionGuid = {8846D292-6EC9-4AD7-932E-DAD545945F3B}
	EndGlobalSection
EndGlobal
